// !$*UTF8*$!
{
	archiveVersion = 1;
	classes = {
	};
	objectVersion = 50;
	objects = {

/* Begin PBXBuildFile section */
		F3838E90247357E600E3E7AF /* AppDelegate.swift in Sources */ = {isa = PBXBuildFile; fileRef = F3838E8F247357E600E3E7AF /* AppDelegate.swift */; };
		F3838E92247357E600E3E7AF /* SceneDelegate.swift in Sources */ = {isa = PBXBuildFile; fileRef = F3838E91247357E600E3E7AF /* SceneDelegate.swift */; };
		F3838E94247357E600E3E7AF /* ConnectionsViewController.swift in Sources */ = {isa = PBXBuildFile; fileRef = F3838E93247357E600E3E7AF /* ConnectionsViewController.swift */; };
		F3838E97247357E600E3E7AF /* Main.storyboard in Resources */ = {isa = PBXBuildFile; fileRef = F3838E95247357E600E3E7AF /* Main.storyboard */; };
		F3838E9A247357E600E3E7AF /* phoneBook.xcdatamodeld in Sources */ = {isa = PBXBuildFile; fileRef = F3838E98247357E600E3E7AF /* phoneBook.xcdatamodeld */; };
		F3838E9C247357EA00E3E7AF /* Assets.xcassets in Resources */ = {isa = PBXBuildFile; fileRef = F3838E9B247357EA00E3E7AF /* Assets.xcassets */; };
		F3838E9F247357EA00E3E7AF /* LaunchScreen.storyboard in Resources */ = {isa = PBXBuildFile; fileRef = F3838E9D247357EA00E3E7AF /* LaunchScreen.storyboard */; };
		F3838EAA247357EA00E3E7AF /* phoneBookTests.swift in Sources */ = {isa = PBXBuildFile; fileRef = F3838EA9247357EA00E3E7AF /* phoneBookTests.swift */; };
		F3838EB62473632100E3E7AF /* UIViewController.swift in Sources */ = {isa = PBXBuildFile; fileRef = F3838EB52473632100E3E7AF /* UIViewController.swift */; };
		F3838EB824738DA400E3E7AF /* CustomNavigationController.swift in Sources */ = {isa = PBXBuildFile; fileRef = F3838EB724738DA400E3E7AF /* CustomNavigationController.swift */; };
		F3838EBB24740E9200E3E7AF /* Connection.swift in Sources */ = {isa = PBXBuildFile; fileRef = F3838EBA24740E9200E3E7AF /* Connection.swift */; };
		F3838EBE2474120100E3E7AF /* CreateConnectionController.swift in Sources */ = {isa = PBXBuildFile; fileRef = F3838EBD2474120100E3E7AF /* CreateConnectionController.swift */; };
		F3838EC124764F1A00E3E7AF /* CoreDataManager.swift in Sources */ = {isa = PBXBuildFile; fileRef = F3838EC024764F1A00E3E7AF /* CoreDataManager.swift */; };
		F3838EC42477DAD000E3E7AF /* ConnectionCell.swift in Sources */ = {isa = PBXBuildFile; fileRef = F3838EC32477DAD000E3E7AF /* ConnectionCell.swift */; };
		F3838EC624781AAE00E3E7AF /* ConnectionsController+CreateConnection.swift in Sources */ = {isa = PBXBuildFile; fileRef = F3838EC524781AAE00E3E7AF /* ConnectionsController+CreateConnection.swift */; };
		F3838EC824781BBF00E3E7AF /* ConnectionsController+UITableView.swift in Sources */ = {isa = PBXBuildFile; fileRef = F3838EC724781BBF00E3E7AF /* ConnectionsController+UITableView.swift */; };
/* End PBXBuildFile section */

/* Begin PBXContainerItemProxy section */
		F3838EA6247357EA00E3E7AF /* PBXContainerItemProxy */ = {
			isa = PBXContainerItemProxy;
			containerPortal = F3838E84247357E600E3E7AF /* Project object */;
			proxyType = 1;
			remoteGlobalIDString = F3838E8B247357E600E3E7AF;
			remoteInfo = phoneBook;
		};
/* End PBXContainerItemProxy section */

/* Begin PBXFileReference section */
		F3838E8C247357E600E3E7AF /* phoneBook.app */ = {isa = PBXFileReference; explicitFileType = wrapper.application; includeInIndex = 0; path = phoneBook.app; sourceTree = BUILT_PRODUCTS_DIR; };
		F3838E8F247357E600E3E7AF /* AppDelegate.swift */ = {isa = PBXFileReference; lastKnownFileType = sourcecode.swift; path = AppDelegate.swift; sourceTree = "<group>"; };
		F3838E91247357E600E3E7AF /* SceneDelegate.swift */ = {isa = PBXFileReference; lastKnownFileType = sourcecode.swift; path = SceneDelegate.swift; sourceTree = "<group>"; };
		F3838E93247357E600E3E7AF /* ConnectionsViewController.swift */ = {isa = PBXFileReference; lastKnownFileType = sourcecode.swift; path = ConnectionsViewController.swift; sourceTree = "<group>"; };
		F3838E96247357E600E3E7AF /* Base */ = {isa = PBXFileReference; lastKnownFileType = file.storyboard; name = Base; path = Base.lproj/Main.storyboard; sourceTree = "<group>"; };
		F3838E99247357E600E3E7AF /* phoneBook.xcdatamodel */ = {isa = PBXFileReference; lastKnownFileType = wrapper.xcdatamodel; path = phoneBook.xcdatamodel; sourceTree = "<group>"; };
		F3838E9B247357EA00E3E7AF /* Assets.xcassets */ = {isa = PBXFileReference; lastKnownFileType = folder.assetcatalog; path = Assets.xcassets; sourceTree = "<group>"; };
		F3838E9E247357EA00E3E7AF /* Base */ = {isa = PBXFileReference; lastKnownFileType = file.storyboard; name = Base; path = Base.lproj/LaunchScreen.storyboard; sourceTree = "<group>"; };
		F3838EA0247357EA00E3E7AF /* Info.plist */ = {isa = PBXFileReference; lastKnownFileType = text.plist.xml; path = Info.plist; sourceTree = "<group>"; };
		F3838EA5247357EA00E3E7AF /* phoneBookTests.xctest */ = {isa = PBXFileReference; explicitFileType = wrapper.cfbundle; includeInIndex = 0; path = phoneBookTests.xctest; sourceTree = BUILT_PRODUCTS_DIR; };
		F3838EA9247357EA00E3E7AF /* phoneBookTests.swift */ = {isa = PBXFileReference; lastKnownFileType = sourcecode.swift; path = phoneBookTests.swift; sourceTree = "<group>"; };
		F3838EAB247357EA00E3E7AF /* Info.plist */ = {isa = PBXFileReference; lastKnownFileType = text.plist.xml; path = Info.plist; sourceTree = "<group>"; };
		F3838EB52473632100E3E7AF /* UIViewController.swift */ = {isa = PBXFileReference; lastKnownFileType = sourcecode.swift; path = UIViewController.swift; sourceTree = "<group>"; };
		F3838EB724738DA400E3E7AF /* CustomNavigationController.swift */ = {isa = PBXFileReference; lastKnownFileType = sourcecode.swift; path = CustomNavigationController.swift; sourceTree = "<group>"; };
		F3838EBA24740E9200E3E7AF /* Connection.swift */ = {isa = PBXFileReference; lastKnownFileType = sourcecode.swift; path = Connection.swift; sourceTree = "<group>"; };
		F3838EBD2474120100E3E7AF /* CreateConnectionController.swift */ = {isa = PBXFileReference; lastKnownFileType = sourcecode.swift; path = CreateConnectionController.swift; sourceTree = "<group>"; };
		F3838EC024764F1A00E3E7AF /* CoreDataManager.swift */ = {isa = PBXFileReference; lastKnownFileType = sourcecode.swift; path = CoreDataManager.swift; sourceTree = "<group>"; };
		F3838EC32477DAD000E3E7AF /* ConnectionCell.swift */ = {isa = PBXFileReference; lastKnownFileType = sourcecode.swift; path = ConnectionCell.swift; sourceTree = "<group>"; };
		F3838EC524781AAE00E3E7AF /* ConnectionsController+CreateConnection.swift */ = {isa = PBXFileReference; lastKnownFileType = sourcecode.swift; path = "ConnectionsController+CreateConnection.swift"; sourceTree = "<group>"; };
		F3838EC724781BBF00E3E7AF /* ConnectionsController+UITableView.swift */ = {isa = PBXFileReference; lastKnownFileType = sourcecode.swift; path = "ConnectionsController+UITableView.swift"; sourceTree = "<group>"; };
/* End PBXFileReference section */

/* Begin PBXFrameworksBuildPhase section */
		F3838E89247357E600E3E7AF /* Frameworks */ = {
			isa = PBXFrameworksBuildPhase;
			buildActionMask = 2147483647;
			files = (
			);
			runOnlyForDeploymentPostprocessing = 0;
		};
		F3838EA2247357EA00E3E7AF /* Frameworks */ = {
			isa = PBXFrameworksBuildPhase;
			buildActionMask = 2147483647;
			files = (
			);
			runOnlyForDeploymentPostprocessing = 0;
		};
/* End PBXFrameworksBuildPhase section */

/* Begin PBXGroup section */
		F3838E83247357E600E3E7AF = {
			isa = PBXGroup;
			children = (
				F3838E8E247357E600E3E7AF /* phoneBook */,
				F3838EA8247357EA00E3E7AF /* phoneBookTests */,
				F3838E8D247357E600E3E7AF /* Products */,
			);
			sourceTree = "<group>";
		};
		F3838E8D247357E600E3E7AF /* Products */ = {
			isa = PBXGroup;
			children = (
				F3838E8C247357E600E3E7AF /* phoneBook.app */,
				F3838EA5247357EA00E3E7AF /* phoneBookTests.xctest */,
			);
			name = Products;
			sourceTree = "<group>";
		};
		F3838E8E247357E600E3E7AF /* phoneBook */ = {
			isa = PBXGroup;
			children = (
				F3838EC22477DAB500E3E7AF /* View */,
				F3838EBC247411E200E3E7AF /* Controller */,
				F3838EB924740E8200E3E7AF /* Model */,
				F3838EB42473630400E3E7AF /* extension */,
				F3838E8F247357E600E3E7AF /* AppDelegate.swift */,
				F3838E91247357E600E3E7AF /* SceneDelegate.swift */,
				F3838E95247357E600E3E7AF /* Main.storyboard */,
				F3838E9B247357EA00E3E7AF /* Assets.xcassets */,
				F3838E9D247357EA00E3E7AF /* LaunchScreen.storyboard */,
				F3838EA0247357EA00E3E7AF /* Info.plist */,
				F3838E98247357E600E3E7AF /* phoneBook.xcdatamodeld */,
			);
			path = phoneBook;
			sourceTree = "<group>";
		};
		F3838EA8247357EA00E3E7AF /* phoneBookTests */ = {
			isa = PBXGroup;
			children = (
				F3838EA9247357EA00E3E7AF /* phoneBookTests.swift */,
				F3838EAB247357EA00E3E7AF /* Info.plist */,
			);
			path = phoneBookTests;
			sourceTree = "<group>";
		};
		F3838EB42473630400E3E7AF /* extension */ = {
			isa = PBXGroup;
			children = (
				F3838EB52473632100E3E7AF /* UIViewController.swift */,
			);
			path = extension;
			sourceTree = "<group>";
		};
		F3838EB924740E8200E3E7AF /* Model */ = {
			isa = PBXGroup;
			children = (
				F3838EBA24740E9200E3E7AF /* Connection.swift */,
				F3838EC024764F1A00E3E7AF /* CoreDataManager.swift */,
			);
			path = Model;
			sourceTree = "<group>";
		};
		F3838EBC247411E200E3E7AF /* Controller */ = {
			isa = PBXGroup;
			children = (
				F3838E93247357E600E3E7AF /* ConnectionsViewController.swift */,
				F3838EB724738DA400E3E7AF /* CustomNavigationController.swift */,
				F3838EBD2474120100E3E7AF /* CreateConnectionController.swift */,
				F3838EC524781AAE00E3E7AF /* ConnectionsController+CreateConnection.swift */,
				F3838EC724781BBF00E3E7AF /* ConnectionsController+UITableView.swift */,
			);
			path = Controller;
			sourceTree = "<group>";
		};
		F3838EC22477DAB500E3E7AF /* View */ = {
			isa = PBXGroup;
			children = (
				F3838EC32477DAD000E3E7AF /* ConnectionCell.swift */,
			);
			path = View;
			sourceTree = "<group>";
		};
/* End PBXGroup section */

/* Begin PBXNativeTarget section */
		F3838E8B247357E600E3E7AF /* phoneBook */ = {
			isa = PBXNativeTarget;
			buildConfigurationList = F3838EAE247357EA00E3E7AF /* Build configuration list for PBXNativeTarget "phoneBook" */;
			buildPhases = (
				F3838E88247357E600E3E7AF /* Sources */,
				F3838E89247357E600E3E7AF /* Frameworks */,
				F3838E8A247357E600E3E7AF /* Resources */,
			);
			buildRules = (
			);
			dependencies = (
			);
			name = phoneBook;
			productName = phoneBook;
			productReference = F3838E8C247357E600E3E7AF /* phoneBook.app */;
			productType = "com.apple.product-type.application";
		};
		F3838EA4247357EA00E3E7AF /* phoneBookTests */ = {
			isa = PBXNativeTarget;
			buildConfigurationList = F3838EB1247357EA00E3E7AF /* Build configuration list for PBXNativeTarget "phoneBookTests" */;
			buildPhases = (
				F3838EA1247357EA00E3E7AF /* Sources */,
				F3838EA2247357EA00E3E7AF /* Frameworks */,
				F3838EA3247357EA00E3E7AF /* Resources */,
			);
			buildRules = (
			);
			dependencies = (
				F3838EA7247357EA00E3E7AF /* PBXTargetDependency */,
			);
			name = phoneBookTests;
			productName = phoneBookTests;
			productReference = F3838EA5247357EA00E3E7AF /* phoneBookTests.xctest */;
			productType = "com.apple.product-type.bundle.unit-test";
		};
/* End PBXNativeTarget section */

/* Begin PBXProject section */
		F3838E84247357E600E3E7AF /* Project object */ = {
			isa = PBXProject;
			attributes = {
				LastSwiftUpdateCheck = 1130;
				LastUpgradeCheck = 1130;
				ORGANIZATIONNAME = "Chialin Liu";
				TargetAttributes = {
					F3838E8B247357E600E3E7AF = {
						CreatedOnToolsVersion = 11.3;
					};
					F3838EA4247357EA00E3E7AF = {
						CreatedOnToolsVersion = 11.3;
						TestTargetID = F3838E8B247357E600E3E7AF;
					};
				};
			};
			buildConfigurationList = F3838E87247357E600E3E7AF /* Build configuration list for PBXProject "phoneBook" */;
			compatibilityVersion = "Xcode 9.3";
			developmentRegion = en;
			hasScannedForEncodings = 0;
			knownRegions = (
				en,
				Base,
			);
			mainGroup = F3838E83247357E600E3E7AF;
			productRefGroup = F3838E8D247357E600E3E7AF /* Products */;
			projectDirPath = "";
			projectRoot = "";
			targets = (
				F3838E8B247357E600E3E7AF /* phoneBook */,
				F3838EA4247357EA00E3E7AF /* phoneBookTests */,
			);
		};
/* End PBXProject section */

/* Begin PBXResourcesBuildPhase section */
		F3838E8A247357E600E3E7AF /* Resources */ = {
			isa = PBXResourcesBuildPhase;
			buildActionMask = 2147483647;
			files = (
				F3838E9F247357EA00E3E7AF /* LaunchScreen.storyboard in Resources */,
				F3838E9C247357EA00E3E7AF /* Assets.xcassets in Resources */,
				F3838E97247357E600E3E7AF /* Main.storyboard in Resources */,
			);
			runOnlyForDeploymentPostprocessing = 0;
		};
		F3838EA3247357EA00E3E7AF /* Resources */ = {
			isa = PBXResourcesBuildPhase;
			buildActionMask = 2147483647;
			files = (
			);
			runOnlyForDeploymentPostprocessing = 0;
		};
/* End PBXResourcesBuildPhase section */

/* Begin PBXSourcesBuildPhase section */
		F3838E88247357E600E3E7AF /* Sources */ = {
			isa = PBXSourcesBuildPhase;
			buildActionMask = 2147483647;
			files = (
				F3838EB824738DA400E3E7AF /* CustomNavigationController.swift in Sources */,
				F3838EC824781BBF00E3E7AF /* ConnectionsController+UITableView.swift in Sources */,
				F3838E94247357E600E3E7AF /* ConnectionsViewController.swift in Sources */,
				F3838E90247357E600E3E7AF /* AppDelegate.swift in Sources */,
				F3838E92247357E600E3E7AF /* SceneDelegate.swift in Sources */,
				F3838EBB24740E9200E3E7AF /* Connection.swift in Sources */,
				F3838E9A247357E600E3E7AF /* phoneBook.xcdatamodeld in Sources */,
				F3838EC124764F1A00E3E7AF /* CoreDataManager.swift in Sources */,
				F3838EBE2474120100E3E7AF /* CreateConnectionController.swift in Sources */,
				F3838EB62473632100E3E7AF /* UIViewController.swift in Sources */,
				F3838EC624781AAE00E3E7AF /* ConnectionsController+CreateConnection.swift in Sources */,
				F3838EC42477DAD000E3E7AF /* ConnectionCell.swift in Sources */,
			);
			runOnlyForDeploymentPostprocessing = 0;
		};
		F3838EA1247357EA00E3E7AF /* Sources */ = {
			isa = PBXSourcesBuildPhase;
			buildActionMask = 2147483647;
			files = (
				F3838EAA247357EA00E3E7AF /* phoneBookTests.swift in Sources */,
			);
			runOnlyForDeploymentPostprocessing = 0;
		};
/* End PBXSourcesBuildPhase section */

/* Begin PBXTargetDependency section */
		F3838EA7247357EA00E3E7AF /* PBXTargetDependency */ = {
			isa = PBXTargetDependency;
			target = F3838E8B247357E600E3E7AF /* phoneBook */;
			targetProxy = F3838EA6247357EA00E3E7AF /* PBXContainerItemProxy */;
		};
/* End PBXTargetDependency section */

/* Begin PBXVariantGroup section */
		F3838E95247357E600E3E7AF /* Main.storyboard */ = {
			isa = PBXVariantGroup;
			children = (
				F3838E96247357E600E3E7AF /* Base */,
			);
			name = Main.storyboard;
			sourceTree = "<group>";
		};
		F3838E9D247357EA00E3E7AF /* LaunchScreen.storyboard */ = {
			isa = PBXVariantGroup;
			children = (
				F3838E9E247357EA00E3E7AF /* Base */,
			);
			name = LaunchScreen.storyboard;
			sourceTree = "<group>";
		};
/* End PBXVariantGroup section */

/* Begin XCBuildConfiguration section */
		F3838EAC247357EA00E3E7AF /* Debug */ = {
			isa = XCBuildConfiguration;
			buildSettings = {
				ALWAYS_SEARCH_USER_PATHS = NO;
				CLANG_ANALYZER_NONNULL = YES;
				CLANG_ANALYZER_NUMBER_OBJECT_CONVERSION = YES_AGGRESSIVE;
				CLANG_CXX_LANGUAGE_STANDARD = "gnu++14";
				CLANG_CXX_LIBRARY = "libc++";
				CLANG_ENABLE_MODULES = YES;
				CLANG_ENABLE_OBJC_ARC = YES;
				CLANG_ENABLE_OBJC_WEAK = YES;
				CLANG_WARN_BLOCK_CAPTURE_AUTORELEASING = YES;
				CLANG_WARN_BOOL_CONVERSION = YES;
				CLANG_WARN_COMMA = YES;
				CLANG_WARN_CONSTANT_CONVERSION = YES;
				CLANG_WARN_DEPRECATED_OBJC_IMPLEMENTATIONS = YES;
				CLANG_WARN_DIRECT_OBJC_ISA_USAGE = YES_ERROR;
				CLANG_WARN_DOCUMENTATION_COMMENTS = YES;
				CLANG_WARN_EMPTY_BODY = YES;
				CLANG_WARN_ENUM_CONVERSION = YES;
				CLANG_WARN_INFINITE_RECURSION = YES;
				CLANG_WARN_INT_CONVERSION = YES;
				CLANG_WARN_NON_LITERAL_NULL_CONVERSION = YES;
				CLANG_WARN_OBJC_IMPLICIT_RETAIN_SELF = YES;
				CLANG_WARN_OBJC_LITERAL_CONVERSION = YES;
				CLANG_WARN_OBJC_ROOT_CLASS = YES_ERROR;
				CLANG_WARN_RANGE_LOOP_ANALYSIS = YES;
				CLANG_WARN_STRICT_PROTOTYPES = YES;
				CLANG_WARN_SUSPICIOUS_MOVE = YES;
				CLANG_WARN_UNGUARDED_AVAILABILITY = YES_AGGRESSIVE;
				CLANG_WARN_UNREACHABLE_CODE = YES;
				CLANG_WARN__DUPLICATE_METHOD_MATCH = YES;
				COPY_PHASE_STRIP = NO;
				DEBUG_INFORMATION_FORMAT = dwarf;
				ENABLE_STRICT_OBJC_MSGSEND = YES;
				ENABLE_TESTABILITY = YES;
				GCC_C_LANGUAGE_STANDARD = gnu11;
				GCC_DYNAMIC_NO_PIC = NO;
				GCC_NO_COMMON_BLOCKS = YES;
				GCC_OPTIMIZATION_LEVEL = 0;
				GCC_PREPROCESSOR_DEFINITIONS = (
					"DEBUG=1",
					"$(inherited)",
				);
				GCC_WARN_64_TO_32_BIT_CONVERSION = YES;
				GCC_WARN_ABOUT_RETURN_TYPE = YES_ERROR;
				GCC_WARN_UNDECLARED_SELECTOR = YES;
				GCC_WARN_UNINITIALIZED_AUTOS = YES_AGGRESSIVE;
				GCC_WARN_UNUSED_FUNCTION = YES;
				GCC_WARN_UNUSED_VARIABLE = YES;
				IPHONEOS_DEPLOYMENT_TARGET = 13.2;
				MTL_ENABLE_DEBUG_INFO = INCLUDE_SOURCE;
				MTL_FAST_MATH = YES;
				ONLY_ACTIVE_ARCH = YES;
				SDKROOT = iphoneos;
				SWIFT_ACTIVE_COMPILATION_CONDITIONS = DEBUG;
				SWIFT_OPTIMIZATION_LEVEL = "-Onone";
			};
			name = Debug;
		};
		F3838EAD247357EA00E3E7AF /* Release */ = {
			isa = XCBuildConfiguration;
			buildSettings = {
				ALWAYS_SEARCH_USER_PATHS = NO;
				CLANG_ANALYZER_NONNULL = YES;
				CLANG_ANALYZER_NUMBER_OBJECT_CONVERSION = YES_AGGRESSIVE;
				CLANG_CXX_LANGUAGE_STANDARD = "gnu++14";
				CLANG_CXX_LIBRARY = "libc++";
				CLANG_ENABLE_MODULES = YES;
				CLANG_ENABLE_OBJC_ARC = YES;
				CLANG_ENABLE_OBJC_WEAK = YES;
				CLANG_WARN_BLOCK_CAPTURE_AUTORELEASING = YES;
				CLANG_WARN_BOOL_CONVERSION = YES;
				CLANG_WARN_COMMA = YES;
				CLANG_WARN_CONSTANT_CONVERSION = YES;
				CLANG_WARN_DEPRECATED_OBJC_IMPLEMENTATIONS = YES;
				CLANG_WARN_DIRECT_OBJC_ISA_USAGE = YES_ERROR;
				CLANG_WARN_DOCUMENTATION_COMMENTS = YES;
				CLANG_WARN_EMPTY_BODY = YES;
				CLANG_WARN_ENUM_CONVERSION = YES;
				CLANG_WARN_INFINITE_RECURSION = YES;
				CLANG_WARN_INT_CONVERSION = YES;
				CLANG_WARN_NON_LITERAL_NULL_CONVERSION = YES;
				CLANG_WARN_OBJC_IMPLICIT_RETAIN_SELF = YES;
				CLANG_WARN_OBJC_LITERAL_CONVERSION = YES;
				CLANG_WARN_OBJC_ROOT_CLASS = YES_ERROR;
				CLANG_WARN_RANGE_LOOP_ANALYSIS = YES;
				CLANG_WARN_STRICT_PROTOTYPES = YES;
				CLANG_WARN_SUSPICIOUS_MOVE = YES;
				CLANG_WARN_UNGUARDED_AVAILABILITY = YES_AGGRESSIVE;
				CLANG_WARN_UNREACHABLE_CODE = YES;
				CLANG_WARN__DUPLICATE_METHOD_MATCH = YES;
				COPY_PHASE_STRIP = NO;
				DEBUG_INFORMATION_FORMAT = "dwarf-with-dsym";
				ENABLE_NS_ASSERTIONS = NO;
				ENABLE_STRICT_OBJC_MSGSEND = YES;
				GCC_C_LANGUAGE_STANDARD = gnu11;
				GCC_NO_COMMON_BLOCKS = YES;
				GCC_WARN_64_TO_32_BIT_CONVERSION = YES;
				GCC_WARN_ABOUT_RETURN_TYPE = YES_ERROR;
				GCC_WARN_UNDECLARED_SELECTOR = YES;
				GCC_WARN_UNINITIALIZED_AUTOS = YES_AGGRESSIVE;
				GCC_WARN_UNUSED_FUNCTION = YES;
				GCC_WARN_UNUSED_VARIABLE = YES;
				IPHONEOS_DEPLOYMENT_TARGET = 13.2;
				MTL_ENABLE_DEBUG_INFO = NO;
				MTL_FAST_MATH = YES;
				SDKROOT = iphoneos;
				SWIFT_COMPILATION_MODE = wholemodule;
				SWIFT_OPTIMIZATION_LEVEL = "-O";
				VALIDATE_PRODUCT = YES;
			};
			name = Release;
		};
		F3838EAF247357EA00E3E7AF /* Debug */ = {
			isa = XCBuildConfiguration;
			buildSettings = {
				ASSETCATALOG_COMPILER_APPICON_NAME = AppIcon;
				CODE_SIGN_STYLE = Automatic;
				DEVELOPMENT_TEAM = S8L6V48XKC;
				INFOPLIST_FILE = phoneBook/Info.plist;
				LD_RUNPATH_SEARCH_PATHS = (
					"$(inherited)",
					"@executable_path/Frameworks",
				);
				PRODUCT_BUNDLE_IDENTIFIER = chialin.phoneBook;
				PRODUCT_NAME = "$(TARGET_NAME)";
				SWIFT_VERSION = 5.0;
				TARGETED_DEVICE_FAMILY = "1,2";
			};
			name = Debug;
		};
		F3838EB0247357EA00E3E7AF /* Release */ = {
			isa = XCBuildConfiguration;
			buildSettings = {
				ASSETCATALOG_COMPILER_APPICON_NAME = AppIcon;
				CODE_SIGN_STYLE = Automatic;
				DEVELOPMENT_TEAM = S8L6V48XKC;
				INFOPLIST_FILE = phoneBook/Info.plist;
				LD_RUNPATH_SEARCH_PATHS = (
					"$(inherited)",
					"@executable_path/Frameworks",
				);
				PRODUCT_BUNDLE_IDENTIFIER = chialin.phoneBook;
				PRODUCT_NAME = "$(TARGET_NAME)";
				SWIFT_VERSION = 5.0;
				TARGETED_DEVICE_FAMILY = "1,2";
			};
			name = Release;
		};
		F3838EB2247357EA00E3E7AF /* Debug */ = {
			isa = XCBuildConfiguration;
			buildSettings = {
				ALWAYS_EMBED_SWIFT_STANDARD_LIBRARIES = YES;
				BUNDLE_LOADER = "$(TEST_HOST)";
				CODE_SIGN_STYLE = Automatic;
				DEVELOPMENT_TEAM = S8L6V48XKC;
				INFOPLIST_FILE = phoneBookTests/Info.plist;
				IPHONEOS_DEPLOYMENT_TARGET = 13.2;
				LD_RUNPATH_SEARCH_PATHS = (
					"$(inherited)",
					"@executable_path/Frameworks",
					"@loader_path/Frameworks",
				);
				PRODUCT_BUNDLE_IDENTIFIER = chialin.phoneBookTests;
				PRODUCT_NAME = "$(TARGET_NAME)";
				SWIFT_VERSION = 5.0;
				TARGETED_DEVICE_FAMILY = "1,2";
				TEST_HOST = "$(BUILT_PRODUCTS_DIR)/phoneBook.app/phoneBook";
			};
			name = Debug;
		};
		F3838EB3247357EA00E3E7AF /* Release */ = {
			isa = XCBuildConfiguration;
			buildSettings = {
				ALWAYS_EMBED_SWIFT_STANDARD_LIBRARIES = YES;
				BUNDLE_LOADER = "$(TEST_HOST)";
				CODE_SIGN_STYLE = Automatic;
				DEVELOPMENT_TEAM = S8L6V48XKC;
				INFOPLIST_FILE = phoneBookTests/Info.plist;
				IPHONEOS_DEPLOYMENT_TARGET = 13.2;
				LD_RUNPATH_SEARCH_PATHS = (
					"$(inherited)",
					"@executable_path/Frameworks",
					"@loader_path/Frameworks",
				);
				PRODUCT_BUNDLE_IDENTIFIER = chialin.phoneBookTests;
				PRODUCT_NAME = "$(TARGET_NAME)";
				SWIFT_VERSION = 5.0;
				TARGETED_DEVICE_FAMILY = "1,2";
				TEST_HOST = "$(BUILT_PRODUCTS_DIR)/phoneBook.app/phoneBook";
			};
			name = Release;
		};
/* End XCBuildConfiguration section */

/* Begin XCConfigurationList section */
		F3838E87247357E600E3E7AF /* Build configuration list for PBXProject "phoneBook" */ = {
			isa = XCConfigurationList;
			buildConfigurations = (
				F3838EAC247357EA00E3E7AF /* Debug */,
				F3838EAD247357EA00E3E7AF /* Release */,
			);
			defaultConfigurationIsVisible = 0;
			defaultConfigurationName = Release;
		};
		F3838EAE247357EA00E3E7AF /* Build configuration list for PBXNativeTarget "phoneBook" */ = {
			isa = XCConfigurationList;
			buildConfigurations = (
				F3838EAF247357EA00E3E7AF /* Debug */,
				F3838EB0247357EA00E3E7AF /* Release */,
			);
			defaultConfigurationIsVisible = 0;
			defaultConfigurationName = Release;
		};
		F3838EB1247357EA00E3E7AF /* Build configuration list for PBXNativeTarget "phoneBookTests" */ = {
			isa = XCConfigurationList;
			buildConfigurations = (
				F3838EB2247357EA00E3E7AF /* Debug */,
				F3838EB3247357EA00E3E7AF /* Release */,
			);
			defaultConfigurationIsVisible = 0;
			defaultConfigurationName = Release;
		};
/* End XCConfigurationList section */

/* Begin XCVersionGroup section */
		F3838E98247357E600E3E7AF /* phoneBook.xcdatamodeld */ = {
			isa = XCVersionGroup;
			children = (
				F3838E99247357E600E3E7AF /* phoneBook.xcdatamodel */,
			);
			currentVersion = F3838E99247357E600E3E7AF /* phoneBook.xcdatamodel */;
			path = phoneBook.xcdatamodeld;
			sourceTree = "<group>";
			versionGroupType = wrapper.xcdatamodel;
		};
/* End XCVersionGroup section */
	};
	rootObject = F3838E84247357E600E3E7AF /* Project object */;
}
